
Microsoft Visual Studio Solution File, Format Version 12.00
# Visual Studio 15
VisualStudioVersion = 15.0.28307.1321
MinimumVisualStudioVersion = 10.0.40219.1
Project("{FAE04EC0-301F-11D3-BF4B-00C04F79EFBC}") = "rpm", "rpm.csproj", "{93C86410-C492-4A59-94B4-2D34225C2353}"
EndProject
Global
	GlobalSection(SolutionConfigurationPlatforms) = preSolution
		Debug|Any CPU = Debug|Any CPU
		Release|Any CPU = Release|Any CPU
	EndGlobalSection
	GlobalSection(ProjectConfigurationPlatforms) = postSolution
		{93C86410-C492-4A59-94B4-2D34225C2353}.Debug|Any CPU.ActiveCfg = Debug|Any CPU
		{93C86410-C492-4A59-94B4-2D34225C2353}.Debug|Any CPU.Build.0 = Debug|Any CPU
		{93C86410-C492-4A59-94B4-2D34225C2353}.Release|Any CPU.ActiveCfg = Release|Any CPU
		{93C86410-C492-4A59-94B4-2D34225C2353}.Release|Any CPU.Build.0 = Release|Any CPU
	EndGlobalSection
	GlobalSection(SolutionProperties) = preSolution
		HideSolutionNode = FALSE
	EndGlobalSection
	GlobalSection(ExtensibilityGlobals) = postSolution
		SolutionGuid = {2D5AC4CC-BDC6-4057-8547-4FC67F6F0F5D}
	EndGlobalSection
EndGlobal
